
Microsoft Visual Studio Solution File, Format Version 12.00
# Visual Studio Express 2013 for Windows Desktop
VisualStudioVersion = 12.0.31101.0
MinimumVisualStudioVersion = 10.0.40219.1
Project("{8BC9CEB8-8B4A-11D0-8D11-00A0C91BC942}") = "InfixCalculator", "InfixCalculator\InfixCalculator.vcxproj", "{23D7D3C3-FE24-40A6-A48F-D7C555D9E7A5}"
EndProject
Project("{8BC9CEB8-8B4A-11D0-8D11-00A0C91BC942}") = "InfixCalculatorTests", "InfixCalculatorTests\InfixCalculatorTests.vcxproj", "{8F08B4A7-8F8E-4F1F-9E2A-3D2E72235FB6}"
EndProject
Project("{8BC9CEB8-8B4A-11D0-8D11-00A0C91BC942}") = "ADTLibrary", "ADTLibrary\ADTLibrary.vcxproj", "{038A2D2B-08D2-40BA-8E05-FCCB27EECAFA}"
EndProject
Global
	GlobalSection(SolutionConfigurationPlatforms) = preSolution
		Debug|Win32 = Debug|Win32
		Release|Win32 = Release|Win32
	EndGlobalSection
	GlobalSection(ProjectConfigurationPlatforms) = postSolution
		{23D7D3C3-FE24-40A6-A48F-D7C555D9E7A5}.Debug|Win32.ActiveCfg = Debug|Win32
		{23D7D3C3-FE24-40A6-A48F-D7C555D9E7A5}.Debug|Win32.Build.0 = Debug|Win32
		{23D7D3C3-FE24-40A6-A48F-D7C555D9E7A5}.Release|Win32.ActiveCfg = Release|Win32
		{23D7D3C3-FE24-40A6-A48F-D7C555D9E7A5}.Release|Win32.Build.0 = Release|Win32
		{8F08B4A7-8F8E-4F1F-9E2A-3D2E72235FB6}.Debug|Win32.ActiveCfg = Debug|Win32
		{8F08B4A7-8F8E-4F1F-9E2A-3D2E72235FB6}.Debug|Win32.Build.0 = Debug|Win32
		{8F08B4A7-8F8E-4F1F-9E2A-3D2E72235FB6}.Release|Win32.ActiveCfg = Release|Win32
		{8F08B4A7-8F8E-4F1F-9E2A-3D2E72235FB6}.Release|Win32.Build.0 = Release|Win32
		{038A2D2B-08D2-40BA-8E05-FCCB27EECAFA}.Debug|Win32.ActiveCfg = Debug|Win32
		{038A2D2B-08D2-40BA-8E05-FCCB27EECAFA}.Debug|Win32.Build.0 = Debug|Win32
		{038A2D2B-08D2-40BA-8E05-FCCB27EECAFA}.Release|Win32.ActiveCfg = Release|Win32
		{038A2D2B-08D2-40BA-8E05-FCCB27EECAFA}.Release|Win32.Build.0 = Release|Win32
	EndGlobalSection
	GlobalSection(SolutionProperties) = preSolution
		HideSolutionNode = FALSE
	EndGlobalSection
EndGlobal
